
Microsoft Visual Studio Solution File, Format Version 12.00
# Visual Studio Version 17
VisualStudioVersion = 17.13.35913.81 d17.13
MinimumVisualStudioVersion = 10.0.40219.1
Project("{FAE04EC0-301F-11D3-BF4B-00C04F79EFBC}") = "gameV2", "gameV2\gameV2.csproj", "{E5FC5AFF-E579-4B0B-B98B-1EC1FDFDDDB7}"
EndProject
Global
	GlobalSection(SolutionConfigurationPlatforms) = preSolution
		Debug|Any CPU = Debug|Any CPU
		Release|Any CPU = Release|Any CPU
	EndGlobalSection
	GlobalSection(ProjectConfigurationPlatforms) = postSolution
		{E5FC5AFF-E579-4B0B-B98B-1EC1FDFDDDB7}.Debug|Any CPU.ActiveCfg = Debug|Any CPU
		{E5FC5AFF-E579-4B0B-B98B-1EC1FDFDDDB7}.Debug|Any CPU.Build.0 = Debug|Any CPU
		{E5FC5AFF-E579-4B0B-B98B-1EC1FDFDDDB7}.Release|Any CPU.ActiveCfg = Release|Any CPU
		{E5FC5AFF-E579-4B0B-B98B-1EC1FDFDDDB7}.Release|Any CPU.Build.0 = Release|Any CPU
	EndGlobalSection
	GlobalSection(SolutionProperties) = preSolution
		HideSolutionNode = FALSE
	EndGlobalSection
	GlobalSection(ExtensibilityGlobals) = postSolution
		SolutionGuid = {2134DDDC-65D6-4311-A088-101D58CDDE1E}
	EndGlobalSection
EndGlobal
